
Microsoft Visual Studio Solution File, Format Version 12.00
# Visual Studio Version 16
VisualStudioVersion = 16.0.30907.101
MinimumVisualStudioVersion = 10.0.40219.1
Project("{FAE04EC0-301F-11D3-BF4B-00C04F79EFBC}") = "AddPersonInputFields.Web", "AddPersonInputFields.Web\AddPersonInputFields.Web.csproj", "{432DB3D6-1FDC-4A53-8942-F0C4A76BE062}"
EndProject
Project("{FAE04EC0-301F-11D3-BF4B-00C04F79EFBC}") = "AddPersonInputFields.Data", "AddPersonInputFields.Data\AddPersonInputFields.Data.csproj", "{D0DE7632-47EC-48ED-AAB6-62FA374EFFA9}"
EndProject
Global
	GlobalSection(SolutionConfigurationPlatforms) = preSolution
		Debug|Any CPU = Debug|Any CPU
		Release|Any CPU = Release|Any CPU
	EndGlobalSection
	GlobalSection(ProjectConfigurationPlatforms) = postSolution
		{432DB3D6-1FDC-4A53-8942-F0C4A76BE062}.Debug|Any CPU.ActiveCfg = Debug|Any CPU
		{432DB3D6-1FDC-4A53-8942-F0C4A76BE062}.Debug|Any CPU.Build.0 = Debug|Any CPU
		{432DB3D6-1FDC-4A53-8942-F0C4A76BE062}.Release|Any CPU.ActiveCfg = Release|Any CPU
		{432DB3D6-1FDC-4A53-8942-F0C4A76BE062}.Release|Any CPU.Build.0 = Release|Any CPU
		{D0DE7632-47EC-48ED-AAB6-62FA374EFFA9}.Debug|Any CPU.ActiveCfg = Debug|Any CPU
		{D0DE7632-47EC-48ED-AAB6-62FA374EFFA9}.Debug|Any CPU.Build.0 = Debug|Any CPU
		{D0DE7632-47EC-48ED-AAB6-62FA374EFFA9}.Release|Any CPU.ActiveCfg = Release|Any CPU
		{D0DE7632-47EC-48ED-AAB6-62FA374EFFA9}.Release|Any CPU.Build.0 = Release|Any CPU
	EndGlobalSection
	GlobalSection(SolutionProperties) = preSolution
		HideSolutionNode = FALSE
	EndGlobalSection
	GlobalSection(ExtensibilityGlobals) = postSolution
		SolutionGuid = {E67CAD40-546A-46EF-B52C-CBE694941376}
	EndGlobalSection
EndGlobal
